<?xml version="1.0" encoding="utf-8"?>
<Project ToolsVersion="4.0" xmlns="http://schemas.microsoft.com/developer/msbuild/2003">
  <ItemGroup>
    <ClCompile Include="mian.cpp" />
    <ClCompile Include="PCH.cpp" />
    <ClCompile Include="Application.cpp" />
    <ClCompile Include="Window.cpp" />
    <ClCompile Include="Input.cpp" />
    <ClCompile Include="CVar.cpp" />
    <ClCompile Include="Vulkan.cpp" />
    <ClCompile Include="Renderer.cpp" />
    <ClCompile Include="vkAllocator.cpp" />
    <ClCompile Include="BufferObject.cpp" />
    <ClCompile Include="vma.cpp" />
    <ClCompile Include="Staging.cpp" />
  </ItemGroup>
  <ItemGroup>
    <ClInclude Include="PCH.h" />
    <ClInclude Include="types.h" />
    <ClInclude Include="Application.h" />
    <ClInclude Include="Window.h" />
    <ClInclude Include="Input.h" />
    <ClInclude Include="Vulkan.h" />
    <ClInclude Include="CVar.h" />
    <ClInclude Include="Renderer.h" />
    <ClInclude Include="Image.h" />
    <ClInclude Include="vkAllocator.h" />
    <ClInclude Include="BufferObject.h" />
    <ClInclude Include="vma.h" />
    <ClInclude Include="Staging.h" />
  </ItemGroup>
</Project>