<?xml version="1.0" encoding="utf-8"?>
<Project ToolsVersion="4.0" xmlns="http://schemas.microsoft.com/developer/msbuild/2003">
  <ItemGroup>
    <ClInclude Include="..\extern\glfw\src\internal.h" />
    <ClInclude Include="..\extern\glfw\src\mappings.h" />
    <ClInclude Include="..\extern\glfw\src\win32_joystick.h" />
    <ClInclude Include="..\extern\glfw\src\win32_platform.h" />
  </ItemGroup>
  <ItemGroup>
    <ClCompile Include="..\extern\glfw\src\context.c" />
    <ClCompile Include="..\extern\glfw\src\init.c" />
    <ClCompile Include="..\extern\glfw\src\input.c" />
    <ClCompile Include="..\extern\glfw\src\monitor.c" />
    <ClCompile Include="..\extern\glfw\src\vulkan.c" />
    <ClCompile Include="..\extern\glfw\src\win32_init.c" />
    <ClCompile Include="..\extern\glfw\src\win32_joystick.c" />
    <ClCompile Include="..\extern\glfw\src\win32_monitor.c" />
    <ClCompile Include="..\extern\glfw\src\win32_thread.c" />
    <ClCompile Include="..\extern\glfw\src\win32_time.c" />
    <ClCompile Include="..\extern\glfw\src\win32_window.c" />
    <ClCompile Include="..\extern\glfw\src\window.c" />
    <ClCompile Include="..\extern\glfw\src\egl_context.c" />
    <ClCompile Include="..\extern\glfw\src\wgl_context.c" />
    <ClCompile Include="..\extern\glfw\src\osmesa_context.c" />
  </ItemGroup>
</Project>